
Microsoft Visual Studio Solution File, Format Version 12.00
# Visual Studio Version 17
VisualStudioVersion = 17.2.32519.379
MinimumVisualStudioVersion = 10.0.40219.1
Project("{8BC9CEB8-8B4A-11D0-8D11-00A0C91BC942}") = "HomeWork21", "HomeWork21.vcxproj", "{C1CA08E4-60BA-4410-8F06-EFEAF5E5778B}"
EndProject
Global
	GlobalSection(SolutionConfigurationPlatforms) = preSolution
		Debug|x64 = Debug|x64
		Debug|x86 = Debug|x86
		Release|x64 = Release|x64
		Release|x86 = Release|x86
	EndGlobalSection
	GlobalSection(ProjectConfigurationPlatforms) = postSolution
		{C1CA08E4-60BA-4410-8F06-EFEAF5E5778B}.Debug|x64.ActiveCfg = Debug|x64
		{C1CA08E4-60BA-4410-8F06-EFEAF5E5778B}.Debug|x64.Build.0 = Debug|x64
		{C1CA08E4-60BA-4410-8F06-EFEAF5E5778B}.Debug|x86.ActiveCfg = Debug|Win32
		{C1CA08E4-60BA-4410-8F06-EFEAF5E5778B}.Debug|x86.Build.0 = Debug|Win32
		{C1CA08E4-60BA-4410-8F06-EFEAF5E5778B}.Release|x64.ActiveCfg = Release|x64
		{C1CA08E4-60BA-4410-8F06-EFEAF5E5778B}.Release|x64.Build.0 = Release|x64
		{C1CA08E4-60BA-4410-8F06-EFEAF5E5778B}.Release|x86.ActiveCfg = Release|Win32
		{C1CA08E4-60BA-4410-8F06-EFEAF5E5778B}.Release|x86.Build.0 = Release|Win32
	EndGlobalSection
	GlobalSection(SolutionProperties) = preSolution
		HideSolutionNode = FALSE
	EndGlobalSection
	GlobalSection(ExtensibilityGlobals) = postSolution
		SolutionGuid = {8FA60E08-8DBF-431F-A143-47B37FFE1D0B}
	EndGlobalSection
EndGlobal
